{
    "_readme": [
        "This file locks the dependencies of your project to a known state",
        "Read more about it at https://getcomposer.org/doc/01-basic-usage.md#installing-dependencies",
        "This file is @generated automatically"
    ],
    "content-hash": "f660e57b6ccf8a7f3045ccbc0cf61b4b",
    "packages": [
        {
            "name": "bcosca/fatfree-core",
            "version": "3.7.3",
            "source": {
                "type": "git",
                "url": "https://github.com/bcosca/fatfree-core.git",
                "reference": "3e23ae05384b2f830e99c5888b94118819ed948b"
            },
            "dist": {
                "type": "zip",
                "url": "https://api.github.com/repos/bcosca/fatfree-core/zipball/3e23ae05384b2f830e99c5888b94118819ed948b",
                "reference": "3e23ae05384b2f830e99c5888b94118819ed948b",
                "shasum": ""
            },
            "require": {
                "php": ">=5.4"
            },
            "type": "library",
            "autoload": {
                "classmap": [
                    "."
                ]
            },
            "notification-url": "https://packagist.org/downloads/",
            "license": [
                "GPL-3.0"
            ],
            "description": "A powerful yet easy-to-use PHP micro-framework designed to help you build dynamic and robust Web applications - fast!",
            "homepage": "http://fatfreeframework.com/",
            "support": {
                "issues": "https://github.com/bcosca/fatfree-core/issues",
                "source": "https://github.com/bcosca/fatfree-core/tree/3.7.3"
            },
            "time": "2020-12-13T12:49:39+00:00"
        },
        {
            "name": "n0nag0n/fatfree-environment-check",
            "version": "0.1",
            "source": {
                "type": "git",
                "url": "https://github.com/n0nag0n/fatfree-environment-check.git",
                "reference": "2f03a59f6557bba2f93acfc7459f6b7fbb4d57c9"
            },
            "dist": {
                "type": "zip",
                "url": "https://api.github.com/repos/n0nag0n/fatfree-environment-check/zipball/2f03a59f6557bba2f93acfc7459f6b7fbb4d57c9",
                "reference": "2f03a59f6557bba2f93acfc7459f6b7fbb4d57c9",
                "shasum": ""
            },
            "require": {
                "bcosca/fatfree-core": "^3.7"
            },
            "type": "library",
            "autoload": {
                "psr-4": {
                    "n0nag0n\\": "src/"
                }
            },
            "notification-url": "https://packagist.org/downloads/",
            "license": [
                "MIT"
            ],
            "authors": [
                {
                    "name": "n0nag0n",
                    "email": "n0nag0n@sky-9.com"
                }
            ],
            "description": "A small library that adds a route that runs a series of checks against your environment to make sure it's up to snuff.",
            "support": {
                "issues": "https://github.com/n0nag0n/fatfree-environment-check/issues",
                "source": "https://github.com/n0nag0n/fatfree-environment-check/tree/0.1"
            },
            "time": "2020-12-31T14:53:22+00:00"
        }
    ],
    "packages-dev": [],
    "aliases": [],
    "minimum-stability": "stable",
    "stability-flags": [],
    "prefer-stable": false,
    "prefer-lowest": false,
    "platform": [],
    "platform-dev": [],
    "plugin-api-version": "2.0.0"
}
